
Microsoft Visual Studio Solution File, Format Version 12.00
# Visual Studio Version 16
VisualStudioVersion = 16.0.31129.286
MinimumVisualStudioVersion = 10.0.40219.1
Project("{9A19103F-16F7-4668-BE54-9A1E7A4F7556}") = "Web.Ui", "Web.Ui\Web.Ui.csproj", "{9CE466C9-0913-47A5-BF1B-24FB090262FB}"
EndProject
Project("{9A19103F-16F7-4668-BE54-9A1E7A4F7556}") = "Web.Api", "Web.Api\Web.Api.csproj", "{8ABF54B1-7259-49D5-9FA9-5D9BA7C2E8B0}"
EndProject
Project("{9A19103F-16F7-4668-BE54-9A1E7A4F7556}") = "Web.Contracts", "Web.Contracts\Web.Contracts.csproj", "{D08D6916-0A9D-42F1-96BA-2C79C995AD79}"
EndProject
Project("{9A19103F-16F7-4668-BE54-9A1E7A4F7556}") = "Web.DAL", "Web.DAL\Web.DAL.csproj", "{AEF90138-C6D3-4511-BDED-5B1F1FF24B54}"
EndProject
Global
	GlobalSection(SolutionConfigurationPlatforms) = preSolution
		Debug|Any CPU = Debug|Any CPU
		Release|Any CPU = Release|Any CPU
	EndGlobalSection
	GlobalSection(ProjectConfigurationPlatforms) = postSolution
		{9CE466C9-0913-47A5-BF1B-24FB090262FB}.Debug|Any CPU.ActiveCfg = Debug|Any CPU
		{9CE466C9-0913-47A5-BF1B-24FB090262FB}.Debug|Any CPU.Build.0 = Debug|Any CPU
		{9CE466C9-0913-47A5-BF1B-24FB090262FB}.Release|Any CPU.ActiveCfg = Release|Any CPU
		{9CE466C9-0913-47A5-BF1B-24FB090262FB}.Release|Any CPU.Build.0 = Release|Any CPU
		{8ABF54B1-7259-49D5-9FA9-5D9BA7C2E8B0}.Debug|Any CPU.ActiveCfg = Debug|Any CPU
		{8ABF54B1-7259-49D5-9FA9-5D9BA7C2E8B0}.Debug|Any CPU.Build.0 = Debug|Any CPU
		{8ABF54B1-7259-49D5-9FA9-5D9BA7C2E8B0}.Release|Any CPU.ActiveCfg = Release|Any CPU
		{8ABF54B1-7259-49D5-9FA9-5D9BA7C2E8B0}.Release|Any CPU.Build.0 = Release|Any CPU
		{D08D6916-0A9D-42F1-96BA-2C79C995AD79}.Debug|Any CPU.ActiveCfg = Debug|Any CPU
		{D08D6916-0A9D-42F1-96BA-2C79C995AD79}.Debug|Any CPU.Build.0 = Debug|Any CPU
		{D08D6916-0A9D-42F1-96BA-2C79C995AD79}.Release|Any CPU.ActiveCfg = Release|Any CPU
		{D08D6916-0A9D-42F1-96BA-2C79C995AD79}.Release|Any CPU.Build.0 = Release|Any CPU
		{AEF90138-C6D3-4511-BDED-5B1F1FF24B54}.Debug|Any CPU.ActiveCfg = Debug|Any CPU
		{AEF90138-C6D3-4511-BDED-5B1F1FF24B54}.Debug|Any CPU.Build.0 = Debug|Any CPU
		{AEF90138-C6D3-4511-BDED-5B1F1FF24B54}.Release|Any CPU.ActiveCfg = Release|Any CPU
		{AEF90138-C6D3-4511-BDED-5B1F1FF24B54}.Release|Any CPU.Build.0 = Release|Any CPU
	EndGlobalSection
	GlobalSection(SolutionProperties) = preSolution
		HideSolutionNode = FALSE
	EndGlobalSection
	GlobalSection(ExtensibilityGlobals) = postSolution
		SolutionGuid = {985C25E5-DC0E-4310-A22B-EB7F1F9ED7DA}
	EndGlobalSection
EndGlobal
